
Microsoft Visual Studio Solution File, Format Version 12.00
# Visual Studio 15
VisualStudioVersion = 15.0.26730.15
MinimumVisualStudioVersion = 10.0.40219.1
Project("{FAE04EC0-301F-11D3-BF4B-00C04F79EFBC}") = "01.X", "01.X\01.X.csproj", "{7AAFF961-4D51-4DC1-9F64-C7E5AAC01E4B}"
EndProject
Project("{FAE04EC0-301F-11D3-BF4B-00C04F79EFBC}") = "02.VaporStore", "02.VaporStore\02.VaporStore.csproj", "{28BAF2E2-AD33-4322-8015-0FAE6BA56B0E}"
EndProject
Project("{FAE04EC0-301F-11D3-BF4B-00C04F79EFBC}") = "03.Megapixels", "03.Megapixels\03.Megapixels.csproj", "{CF545D53-6E9A-47C2-A82B-E5C5E51E3804}"
EndProject
Project("{FAE04EC0-301F-11D3-BF4B-00C04F79EFBC}") = "04.PhotoGallery", "04.PhotoGallery\04.PhotoGallery.csproj", "{0A47637C-09B4-4347-96F1-1F043ACDE79C}"
EndProject
Project("{FAE04EC0-301F-11D3-BF4B-00C04F79EFBC}") = "05.BPM Counter", "05.BPM Counter\05.BPM Counter.csproj", "{506CEFC4-7314-4C76-AE77-92B58532CF84}"
EndProject
Project("{FAE04EC0-301F-11D3-BF4B-00C04F79EFBC}") = "06.DNASequences", "06.DNASequences\06.DNASequences.csproj", "{AEFD0C53-2E69-4F44-82C4-F64FDF7C5212}"
EndProject
Project("{FAE04EC0-301F-11D3-BF4B-00C04F79EFBC}") = "07.TrainingHallEquipment", "07.TrainingHallEquipment\07.TrainingHallEquipment.csproj", "{3F891467-52B8-4094-B3EB-26290F9645B9}"
EndProject
Project("{FAE04EC0-301F-11D3-BF4B-00C04F79EFBC}") = "08.SMSTyping", "08.SMSTyping\08.SMSTyping.csproj", "{E49EB14A-EA2C-49DD-9EF3-D5349C1839CF}"
EndProject
Project("{FAE04EC0-301F-11D3-BF4B-00C04F79EFBC}") = "01.TypeBoundaries", "01.TypeBoundaries\01.TypeBoundaries.csproj", "{42EC1ACD-BDF1-4D41-A540-5DD21700EAC2}"
EndProject
Project("{FAE04EC0-301F-11D3-BF4B-00C04F79EFBC}") = "02.NumberChecker", "02.NumberChecker\02.NumberChecker.csproj", "{6B3C607C-7885-4FB4-9D08-AE362FBACF42}"
EndProject
Project("{FAE04EC0-301F-11D3-BF4B-00C04F79EFBC}") = "03.WaterOverflow", "03.WaterOverflow\03.WaterOverflow.csproj", "{BD357577-5FB4-4515-9980-E4941870A42C}"
EndProject
Project("{FAE04EC0-301F-11D3-BF4B-00C04F79EFBC}") = "04.TouristInformation", "04.TouristInformation\04.TouristInformation.csproj", "{D341EF9F-B4B7-4899-AFA4-467C6132191F}"
EndProject
Project("{FAE04EC0-301F-11D3-BF4B-00C04F79EFBC}") = "05.WeatherForecast", "05.WeatherForecast\05.WeatherForecast.csproj", "{4A1D6276-B1F7-44F2-B80C-F646340F7A1A}"
EndProject
Project("{FAE04EC0-301F-11D3-BF4B-00C04F79EFBC}") = "06.CatchTheThief", "06.CatchTheThief\06.CatchTheThief.csproj", "{9E6BE65D-32EC-477E-A5A1-3F192DD2CC8A}"
EndProject
Project("{FAE04EC0-301F-11D3-BF4B-00C04F79EFBC}") = "07.SentenceTheThief", "07.SentenceTheThief\07.SentenceTheThief.csproj", "{FB74EF75-3ED9-4167-9A60-D34F5FA5F1BF}"
EndProject
Project("{FAE04EC0-301F-11D3-BF4B-00C04F79EFBC}") = "08.HouseBuilder", "08.HouseBuilder\08.HouseBuilder.csproj", "{A0B92DD4-E69D-44B0-A6DA-24FD156ACD25}"
EndProject
Project("{FAE04EC0-301F-11D3-BF4B-00C04F79EFBC}") = "09.MakeAWord", "09.MakeAWord\09.MakeAWord.csproj", "{EBFF4F95-1C10-463C-A27D-D531AC122098}"
EndProject
Project("{FAE04EC0-301F-11D3-BF4B-00C04F79EFBC}") = "10.SumOfChars", "10.SumOfChars\10.SumOfChars.csproj", "{DD88BC0A-E597-4D38-852A-F77814B81518}"
EndProject
Project("{FAE04EC0-301F-11D3-BF4B-00C04F79EFBC}") = "11.StringConcatenation", "11.StringConcatenation\11.StringConcatenation.csproj", "{7A423A2F-1793-41CB-A188-D2A71AE8C792}"
EndProject
Project("{FAE04EC0-301F-11D3-BF4B-00C04F79EFBC}") = "12.BeerKegs", "12.BeerKegs\12.BeerKegs.csproj", "{2942BA13-FAA0-4BF9-8A69-AC73BB028B76}"
EndProject
Project("{FAE04EC0-301F-11D3-BF4B-00C04F79EFBC}") = "13.DecryptingMessages", "13.DecryptingMessages\13.DecryptingMessages.csproj", "{AAB525A6-2BA4-4947-85AB-9A6C5C1C5D29}"
EndProject
Project("{FAE04EC0-301F-11D3-BF4B-00C04F79EFBC}") = "14.BoatSimulator", "14.BoatSimulator\14.BoatSimulator.csproj", "{2547B9E8-3A4B-41E0-9324-E8B6410C1FD3}"
EndProject
Project("{FAE04EC0-301F-11D3-BF4B-00C04F79EFBC}") = "15.BalancedBrackets", "15.BalancedBrackets\15.BalancedBrackets.csproj", "{AC8F2E9F-072C-4D5D-BBD8-8012AAA751A6}"
EndProject
Project("{FAE04EC0-301F-11D3-BF4B-00C04F79EFBC}") = "01.ArrayStatistics", "01.ArrayStatistics\01.ArrayStatistics.csproj", "{C63066C0-9674-4E60-90EB-AC5D8184948C}"
EndProject
Project("{FAE04EC0-301F-11D3-BF4B-00C04F79EFBC}") = "02.ManipulateArray", "02.ManipulateArray\02.ManipulateArray.csproj", "{2FCB44D4-D717-4DB0-879F-6D2299D0FD61}"
EndProject
Project("{FAE04EC0-301F-11D3-BF4B-00C04F79EFBC}") = "03.SafeManipulation", "03.SafeManipulation\03.SafeManipulation.csproj", "{067881DF-F4C2-44B2-92DC-1415239C5403}"
EndProject
Project("{FAE04EC0-301F-11D3-BF4B-00C04F79EFBC}") = "04.GrabAndGo", "04.GrabAndGo\04.GrabAndGo.csproj", "{C8480672-0CA6-41C2-B001-F9D7964CF876}"
EndProject
Project("{FAE04EC0-301F-11D3-BF4B-00C04F79EFBC}") = "05.PizzaIngredients", "05.PizzaIngredients\05.PizzaIngredients.csproj", "{6EE0F8EC-5323-4B43-89E2-1E699E678C08}"
EndProject
Project("{FAE04EC0-301F-11D3-BF4B-00C04F79EFBC}") = "06.Heists", "06.Heists\06.Heists.csproj", "{3CB5DE80-4B5D-4CA4-841D-4805250E5D11}"
EndProject
Project("{FAE04EC0-301F-11D3-BF4B-00C04F79EFBC}") = "07.InventoryMatcher", "07.InventoryMatcher\07.InventoryMatcher.csproj", "{0DDCED33-972E-4A2D-894E-5D9A0E459070}"
EndProject
Project("{FAE04EC0-301F-11D3-BF4B-00C04F79EFBC}") = "08.UpgradedMatcher", "08.UpgradedMatcher\08.UpgradedMatcher.csproj", "{853858F8-EAC7-4316-86B3-020967A7A628}"
EndProject
Project("{FAE04EC0-301F-11D3-BF4B-00C04F79EFBC}") = "09.JumpAround", "09.JumpAround\09.JumpAround.csproj", "{99657C97-31C8-4ECE-BF1D-AFC4D182F3F1}"
EndProject
Project("{FAE04EC0-301F-11D3-BF4B-00C04F79EFBC}") = "01.SortTimes", "01.SortTimes\01.SortTimes.csproj", "{E8156E92-3C8D-4EBC-90B9-6B1718D85898}"
EndProject
Project("{FAE04EC0-301F-11D3-BF4B-00C04F79EFBC}") = "02.OddFilter", "02.OddFilter\02.OddFilter.csproj", "{4153A0DC-BC4B-4A1B-8F65-E3D10A9AE890}"
EndProject
Project("{FAE04EC0-301F-11D3-BF4B-00C04F79EFBC}") = "03.ImmuneSystem", "03.ImmuneSystem\03.ImmuneSystem.csproj", "{4AD75306-5C2C-4EB0-8458-327B4A64DC07}"
EndProject
Project("{FAE04EC0-301F-11D3-BF4B-00C04F79EFBC}") = "04.SupermarketDatabase", "04.SupermarketDatabase\04.SupermarketDatabase.csproj", "{37A875A6-512F-43B5-AD8D-2229DAA66726}"
EndProject
Project("{FAE04EC0-301F-11D3-BF4B-00C04F79EFBC}") = "05.ParkingValidation", "05.ParkingValidation\05.ParkingValidation.csproj", "{E4617B54-CD77-4CD1-B568-2A66AE17C069}"
EndProject
Project("{FAE04EC0-301F-11D3-BF4B-00C04F79EFBC}") = "06.ByteFLip", "06.ByteFLip\06.ByteFLip.csproj", "{22A98217-9487-478B-8C6C-EB5D03F5C43C}"
EndProject
Project("{FAE04EC0-301F-11D3-BF4B-00C04F79EFBC}") = "07.TakeSkipROpe", "07.TakeSkipROpe\07.TakeSkipROpe.csproj", "{CEF60532-F6FF-48EB-8BAB-75346EAD1020}"
EndProject
Global
	GlobalSection(SolutionConfigurationPlatforms) = preSolution
		Debug|Any CPU = Debug|Any CPU
		Release|Any CPU = Release|Any CPU
	EndGlobalSection
	GlobalSection(ProjectConfigurationPlatforms) = postSolution
		{7AAFF961-4D51-4DC1-9F64-C7E5AAC01E4B}.Debug|Any CPU.ActiveCfg = Debug|Any CPU
		{7AAFF961-4D51-4DC1-9F64-C7E5AAC01E4B}.Debug|Any CPU.Build.0 = Debug|Any CPU
		{7AAFF961-4D51-4DC1-9F64-C7E5AAC01E4B}.Release|Any CPU.ActiveCfg = Release|Any CPU
		{7AAFF961-4D51-4DC1-9F64-C7E5AAC01E4B}.Release|Any CPU.Build.0 = Release|Any CPU
		{28BAF2E2-AD33-4322-8015-0FAE6BA56B0E}.Debug|Any CPU.ActiveCfg = Debug|Any CPU
		{28BAF2E2-AD33-4322-8015-0FAE6BA56B0E}.Debug|Any CPU.Build.0 = Debug|Any CPU
		{28BAF2E2-AD33-4322-8015-0FAE6BA56B0E}.Release|Any CPU.ActiveCfg = Release|Any CPU
		{28BAF2E2-AD33-4322-8015-0FAE6BA56B0E}.Release|Any CPU.Build.0 = Release|Any CPU
		{CF545D53-6E9A-47C2-A82B-E5C5E51E3804}.Debug|Any CPU.ActiveCfg = Debug|Any CPU
		{CF545D53-6E9A-47C2-A82B-E5C5E51E3804}.Debug|Any CPU.Build.0 = Debug|Any CPU
		{CF545D53-6E9A-47C2-A82B-E5C5E51E3804}.Release|Any CPU.ActiveCfg = Release|Any CPU
		{CF545D53-6E9A-47C2-A82B-E5C5E51E3804}.Release|Any CPU.Build.0 = Release|Any CPU
		{0A47637C-09B4-4347-96F1-1F043ACDE79C}.Debug|Any CPU.ActiveCfg = Debug|Any CPU
		{0A47637C-09B4-4347-96F1-1F043ACDE79C}.Debug|Any CPU.Build.0 = Debug|Any CPU
		{0A47637C-09B4-4347-96F1-1F043ACDE79C}.Release|Any CPU.ActiveCfg = Release|Any CPU
		{0A47637C-09B4-4347-96F1-1F043ACDE79C}.Release|Any CPU.Build.0 = Release|Any CPU
		{506CEFC4-7314-4C76-AE77-92B58532CF84}.Debug|Any CPU.ActiveCfg = Debug|Any CPU
		{506CEFC4-7314-4C76-AE77-92B58532CF84}.Debug|Any CPU.Build.0 = Debug|Any CPU
		{506CEFC4-7314-4C76-AE77-92B58532CF84}.Release|Any CPU.ActiveCfg = Release|Any CPU
		{506CEFC4-7314-4C76-AE77-92B58532CF84}.Release|Any CPU.Build.0 = Release|Any CPU
		{AEFD0C53-2E69-4F44-82C4-F64FDF7C5212}.Debug|Any CPU.ActiveCfg = Debug|Any CPU
		{AEFD0C53-2E69-4F44-82C4-F64FDF7C5212}.Debug|Any CPU.Build.0 = Debug|Any CPU
		{AEFD0C53-2E69-4F44-82C4-F64FDF7C5212}.Release|Any CPU.ActiveCfg = Release|Any CPU
		{AEFD0C53-2E69-4F44-82C4-F64FDF7C5212}.Release|Any CPU.Build.0 = Release|Any CPU
		{3F891467-52B8-4094-B3EB-26290F9645B9}.Debug|Any CPU.ActiveCfg = Debug|Any CPU
		{3F891467-52B8-4094-B3EB-26290F9645B9}.Debug|Any CPU.Build.0 = Debug|Any CPU
		{3F891467-52B8-4094-B3EB-26290F9645B9}.Release|Any CPU.ActiveCfg = Release|Any CPU
		{3F891467-52B8-4094-B3EB-26290F9645B9}.Release|Any CPU.Build.0 = Release|Any CPU
		{E49EB14A-EA2C-49DD-9EF3-D5349C1839CF}.Debug|Any CPU.ActiveCfg = Debug|Any CPU
		{E49EB14A-EA2C-49DD-9EF3-D5349C1839CF}.Debug|Any CPU.Build.0 = Debug|Any CPU
		{E49EB14A-EA2C-49DD-9EF3-D5349C1839CF}.Release|Any CPU.ActiveCfg = Release|Any CPU
		{E49EB14A-EA2C-49DD-9EF3-D5349C1839CF}.Release|Any CPU.Build.0 = Release|Any CPU
		{42EC1ACD-BDF1-4D41-A540-5DD21700EAC2}.Debug|Any CPU.ActiveCfg = Debug|Any CPU
		{42EC1ACD-BDF1-4D41-A540-5DD21700EAC2}.Debug|Any CPU.Build.0 = Debug|Any CPU
		{42EC1ACD-BDF1-4D41-A540-5DD21700EAC2}.Release|Any CPU.ActiveCfg = Release|Any CPU
		{42EC1ACD-BDF1-4D41-A540-5DD21700EAC2}.Release|Any CPU.Build.0 = Release|Any CPU
		{6B3C607C-7885-4FB4-9D08-AE362FBACF42}.Debug|Any CPU.ActiveCfg = Debug|Any CPU
		{6B3C607C-7885-4FB4-9D08-AE362FBACF42}.Debug|Any CPU.Build.0 = Debug|Any CPU
		{6B3C607C-7885-4FB4-9D08-AE362FBACF42}.Release|Any CPU.ActiveCfg = Release|Any CPU
		{6B3C607C-7885-4FB4-9D08-AE362FBACF42}.Release|Any CPU.Build.0 = Release|Any CPU
		{BD357577-5FB4-4515-9980-E4941870A42C}.Debug|Any CPU.ActiveCfg = Debug|Any CPU
		{BD357577-5FB4-4515-9980-E4941870A42C}.Debug|Any CPU.Build.0 = Debug|Any CPU
		{BD357577-5FB4-4515-9980-E4941870A42C}.Release|Any CPU.ActiveCfg = Release|Any CPU
		{BD357577-5FB4-4515-9980-E4941870A42C}.Release|Any CPU.Build.0 = Release|Any CPU
		{D341EF9F-B4B7-4899-AFA4-467C6132191F}.Debug|Any CPU.ActiveCfg = Debug|Any CPU
		{D341EF9F-B4B7-4899-AFA4-467C6132191F}.Debug|Any CPU.Build.0 = Debug|Any CPU
		{D341EF9F-B4B7-4899-AFA4-467C6132191F}.Release|Any CPU.ActiveCfg = Release|Any CPU
		{D341EF9F-B4B7-4899-AFA4-467C6132191F}.Release|Any CPU.Build.0 = Release|Any CPU
		{4A1D6276-B1F7-44F2-B80C-F646340F7A1A}.Debug|Any CPU.ActiveCfg = Debug|Any CPU
		{4A1D6276-B1F7-44F2-B80C-F646340F7A1A}.Debug|Any CPU.Build.0 = Debug|Any CPU
		{4A1D6276-B1F7-44F2-B80C-F646340F7A1A}.Release|Any CPU.ActiveCfg = Release|Any CPU
		{4A1D6276-B1F7-44F2-B80C-F646340F7A1A}.Release|Any CPU.Build.0 = Release|Any CPU
		{9E6BE65D-32EC-477E-A5A1-3F192DD2CC8A}.Debug|Any CPU.ActiveCfg = Debug|Any CPU
		{9E6BE65D-32EC-477E-A5A1-3F192DD2CC8A}.Debug|Any CPU.Build.0 = Debug|Any CPU
		{9E6BE65D-32EC-477E-A5A1-3F192DD2CC8A}.Release|Any CPU.ActiveCfg = Release|Any CPU
		{9E6BE65D-32EC-477E-A5A1-3F192DD2CC8A}.Release|Any CPU.Build.0 = Release|Any CPU
		{FB74EF75-3ED9-4167-9A60-D34F5FA5F1BF}.Debug|Any CPU.ActiveCfg = Debug|Any CPU
		{FB74EF75-3ED9-4167-9A60-D34F5FA5F1BF}.Debug|Any CPU.Build.0 = Debug|Any CPU
		{FB74EF75-3ED9-4167-9A60-D34F5FA5F1BF}.Release|Any CPU.ActiveCfg = Release|Any CPU
		{FB74EF75-3ED9-4167-9A60-D34F5FA5F1BF}.Release|Any CPU.Build.0 = Release|Any CPU
		{A0B92DD4-E69D-44B0-A6DA-24FD156ACD25}.Debug|Any CPU.ActiveCfg = Debug|Any CPU
		{A0B92DD4-E69D-44B0-A6DA-24FD156ACD25}.Debug|Any CPU.Build.0 = Debug|Any CPU
		{A0B92DD4-E69D-44B0-A6DA-24FD156ACD25}.Release|Any CPU.ActiveCfg = Release|Any CPU
		{A0B92DD4-E69D-44B0-A6DA-24FD156ACD25}.Release|Any CPU.Build.0 = Release|Any CPU
		{EBFF4F95-1C10-463C-A27D-D531AC122098}.Debug|Any CPU.ActiveCfg = Debug|Any CPU
		{EBFF4F95-1C10-463C-A27D-D531AC122098}.Debug|Any CPU.Build.0 = Debug|Any CPU
		{EBFF4F95-1C10-463C-A27D-D531AC122098}.Release|Any CPU.ActiveCfg = Release|Any CPU
		{EBFF4F95-1C10-463C-A27D-D531AC122098}.Release|Any CPU.Build.0 = Release|Any CPU
		{DD88BC0A-E597-4D38-852A-F77814B81518}.Debug|Any CPU.ActiveCfg = Debug|Any CPU
		{DD88BC0A-E597-4D38-852A-F77814B81518}.Debug|Any CPU.Build.0 = Debug|Any CPU
		{DD88BC0A-E597-4D38-852A-F77814B81518}.Release|Any CPU.ActiveCfg = Release|Any CPU
		{DD88BC0A-E597-4D38-852A-F77814B81518}.Release|Any CPU.Build.0 = Release|Any CPU
		{7A423A2F-1793-41CB-A188-D2A71AE8C792}.Debug|Any CPU.ActiveCfg = Debug|Any CPU
		{7A423A2F-1793-41CB-A188-D2A71AE8C792}.Debug|Any CPU.Build.0 = Debug|Any CPU
		{7A423A2F-1793-41CB-A188-D2A71AE8C792}.Release|Any CPU.ActiveCfg = Release|Any CPU
		{7A423A2F-1793-41CB-A188-D2A71AE8C792}.Release|Any CPU.Build.0 = Release|Any CPU
		{2942BA13-FAA0-4BF9-8A69-AC73BB028B76}.Debug|Any CPU.ActiveCfg = Debug|Any CPU
		{2942BA13-FAA0-4BF9-8A69-AC73BB028B76}.Debug|Any CPU.Build.0 = Debug|Any CPU
		{2942BA13-FAA0-4BF9-8A69-AC73BB028B76}.Release|Any CPU.ActiveCfg = Release|Any CPU
		{2942BA13-FAA0-4BF9-8A69-AC73BB028B76}.Release|Any CPU.Build.0 = Release|Any CPU
		{AAB525A6-2BA4-4947-85AB-9A6C5C1C5D29}.Debug|Any CPU.ActiveCfg = Debug|Any CPU
		{AAB525A6-2BA4-4947-85AB-9A6C5C1C5D29}.Debug|Any CPU.Build.0 = Debug|Any CPU
		{AAB525A6-2BA4-4947-85AB-9A6C5C1C5D29}.Release|Any CPU.ActiveCfg = Release|Any CPU
		{AAB525A6-2BA4-4947-85AB-9A6C5C1C5D29}.Release|Any CPU.Build.0 = Release|Any CPU
		{2547B9E8-3A4B-41E0-9324-E8B6410C1FD3}.Debug|Any CPU.ActiveCfg = Debug|Any CPU
		{2547B9E8-3A4B-41E0-9324-E8B6410C1FD3}.Debug|Any CPU.Build.0 = Debug|Any CPU
		{2547B9E8-3A4B-41E0-9324-E8B6410C1FD3}.Release|Any CPU.ActiveCfg = Release|Any CPU
		{2547B9E8-3A4B-41E0-9324-E8B6410C1FD3}.Release|Any CPU.Build.0 = Release|Any CPU
		{AC8F2E9F-072C-4D5D-BBD8-8012AAA751A6}.Debug|Any CPU.ActiveCfg = Debug|Any CPU
		{AC8F2E9F-072C-4D5D-BBD8-8012AAA751A6}.Debug|Any CPU.Build.0 = Debug|Any CPU
		{AC8F2E9F-072C-4D5D-BBD8-8012AAA751A6}.Release|Any CPU.ActiveCfg = Release|Any CPU
		{AC8F2E9F-072C-4D5D-BBD8-8012AAA751A6}.Release|Any CPU.Build.0 = Release|Any CPU
		{C63066C0-9674-4E60-90EB-AC5D8184948C}.Debug|Any CPU.ActiveCfg = Debug|Any CPU
		{C63066C0-9674-4E60-90EB-AC5D8184948C}.Debug|Any CPU.Build.0 = Debug|Any CPU
		{C63066C0-9674-4E60-90EB-AC5D8184948C}.Release|Any CPU.ActiveCfg = Release|Any CPU
		{C63066C0-9674-4E60-90EB-AC5D8184948C}.Release|Any CPU.Build.0 = Release|Any CPU
		{2FCB44D4-D717-4DB0-879F-6D2299D0FD61}.Debug|Any CPU.ActiveCfg = Debug|Any CPU
		{2FCB44D4-D717-4DB0-879F-6D2299D0FD61}.Debug|Any CPU.Build.0 = Debug|Any CPU
		{2FCB44D4-D717-4DB0-879F-6D2299D0FD61}.Release|Any CPU.ActiveCfg = Release|Any CPU
		{2FCB44D4-D717-4DB0-879F-6D2299D0FD61}.Release|Any CPU.Build.0 = Release|Any CPU
		{067881DF-F4C2-44B2-92DC-1415239C5403}.Debug|Any CPU.ActiveCfg = Debug|Any CPU
		{067881DF-F4C2-44B2-92DC-1415239C5403}.Debug|Any CPU.Build.0 = Debug|Any CPU
		{067881DF-F4C2-44B2-92DC-1415239C5403}.Release|Any CPU.ActiveCfg = Release|Any CPU
		{067881DF-F4C2-44B2-92DC-1415239C5403}.Release|Any CPU.Build.0 = Release|Any CPU
		{C8480672-0CA6-41C2-B001-F9D7964CF876}.Debug|Any CPU.ActiveCfg = Debug|Any CPU
		{C8480672-0CA6-41C2-B001-F9D7964CF876}.Debug|Any CPU.Build.0 = Debug|Any CPU
		{C8480672-0CA6-41C2-B001-F9D7964CF876}.Release|Any CPU.ActiveCfg = Release|Any CPU
		{C8480672-0CA6-41C2-B001-F9D7964CF876}.Release|Any CPU.Build.0 = Release|Any CPU
		{6EE0F8EC-5323-4B43-89E2-1E699E678C08}.Debug|Any CPU.ActiveCfg = Debug|Any CPU
		{6EE0F8EC-5323-4B43-89E2-1E699E678C08}.Debug|Any CPU.Build.0 = Debug|Any CPU
		{6EE0F8EC-5323-4B43-89E2-1E699E678C08}.Release|Any CPU.ActiveCfg = Release|Any CPU
		{6EE0F8EC-5323-4B43-89E2-1E699E678C08}.Release|Any CPU.Build.0 = Release|Any CPU
		{3CB5DE80-4B5D-4CA4-841D-4805250E5D11}.Debug|Any CPU.ActiveCfg = Debug|Any CPU
		{3CB5DE80-4B5D-4CA4-841D-4805250E5D11}.Debug|Any CPU.Build.0 = Debug|Any CPU
		{3CB5DE80-4B5D-4CA4-841D-4805250E5D11}.Release|Any CPU.ActiveCfg = Release|Any CPU
		{3CB5DE80-4B5D-4CA4-841D-4805250E5D11}.Release|Any CPU.Build.0 = Release|Any CPU
		{0DDCED33-972E-4A2D-894E-5D9A0E459070}.Debug|Any CPU.ActiveCfg = Debug|Any CPU
		{0DDCED33-972E-4A2D-894E-5D9A0E459070}.Debug|Any CPU.Build.0 = Debug|Any CPU
		{0DDCED33-972E-4A2D-894E-5D9A0E459070}.Release|Any CPU.ActiveCfg = Release|Any CPU
		{0DDCED33-972E-4A2D-894E-5D9A0E459070}.Release|Any CPU.Build.0 = Release|Any CPU
		{853858F8-EAC7-4316-86B3-020967A7A628}.Debug|Any CPU.ActiveCfg = Debug|Any CPU
		{853858F8-EAC7-4316-86B3-020967A7A628}.Debug|Any CPU.Build.0 = Debug|Any CPU
		{853858F8-EAC7-4316-86B3-020967A7A628}.Release|Any CPU.ActiveCfg = Release|Any CPU
		{853858F8-EAC7-4316-86B3-020967A7A628}.Release|Any CPU.Build.0 = Release|Any CPU
		{99657C97-31C8-4ECE-BF1D-AFC4D182F3F1}.Debug|Any CPU.ActiveCfg = Debug|Any CPU
		{99657C97-31C8-4ECE-BF1D-AFC4D182F3F1}.Debug|Any CPU.Build.0 = Debug|Any CPU
		{99657C97-31C8-4ECE-BF1D-AFC4D182F3F1}.Release|Any CPU.ActiveCfg = Release|Any CPU
		{99657C97-31C8-4ECE-BF1D-AFC4D182F3F1}.Release|Any CPU.Build.0 = Release|Any CPU
		{E8156E92-3C8D-4EBC-90B9-6B1718D85898}.Debug|Any CPU.ActiveCfg = Debug|Any CPU
		{E8156E92-3C8D-4EBC-90B9-6B1718D85898}.Debug|Any CPU.Build.0 = Debug|Any CPU
		{E8156E92-3C8D-4EBC-90B9-6B1718D85898}.Release|Any CPU.ActiveCfg = Release|Any CPU
		{E8156E92-3C8D-4EBC-90B9-6B1718D85898}.Release|Any CPU.Build.0 = Release|Any CPU
		{4153A0DC-BC4B-4A1B-8F65-E3D10A9AE890}.Debug|Any CPU.ActiveCfg = Debug|Any CPU
		{4153A0DC-BC4B-4A1B-8F65-E3D10A9AE890}.Debug|Any CPU.Build.0 = Debug|Any CPU
		{4153A0DC-BC4B-4A1B-8F65-E3D10A9AE890}.Release|Any CPU.ActiveCfg = Release|Any CPU
		{4153A0DC-BC4B-4A1B-8F65-E3D10A9AE890}.Release|Any CPU.Build.0 = Release|Any CPU
		{4AD75306-5C2C-4EB0-8458-327B4A64DC07}.Debug|Any CPU.ActiveCfg = Debug|Any CPU
		{4AD75306-5C2C-4EB0-8458-327B4A64DC07}.Debug|Any CPU.Build.0 = Debug|Any CPU
		{4AD75306-5C2C-4EB0-8458-327B4A64DC07}.Release|Any CPU.ActiveCfg = Release|Any CPU
		{4AD75306-5C2C-4EB0-8458-327B4A64DC07}.Release|Any CPU.Build.0 = Release|Any CPU
		{37A875A6-512F-43B5-AD8D-2229DAA66726}.Debug|Any CPU.ActiveCfg = Debug|Any CPU
		{37A875A6-512F-43B5-AD8D-2229DAA66726}.Debug|Any CPU.Build.0 = Debug|Any CPU
		{37A875A6-512F-43B5-AD8D-2229DAA66726}.Release|Any CPU.ActiveCfg = Release|Any CPU
		{37A875A6-512F-43B5-AD8D-2229DAA66726}.Release|Any CPU.Build.0 = Release|Any CPU
		{E4617B54-CD77-4CD1-B568-2A66AE17C069}.Debug|Any CPU.ActiveCfg = Debug|Any CPU
		{E4617B54-CD77-4CD1-B568-2A66AE17C069}.Debug|Any CPU.Build.0 = Debug|Any CPU
		{E4617B54-CD77-4CD1-B568-2A66AE17C069}.Release|Any CPU.ActiveCfg = Release|Any CPU
		{E4617B54-CD77-4CD1-B568-2A66AE17C069}.Release|Any CPU.Build.0 = Release|Any CPU
		{22A98217-9487-478B-8C6C-EB5D03F5C43C}.Debug|Any CPU.ActiveCfg = Debug|Any CPU
		{22A98217-9487-478B-8C6C-EB5D03F5C43C}.Debug|Any CPU.Build.0 = Debug|Any CPU
		{22A98217-9487-478B-8C6C-EB5D03F5C43C}.Release|Any CPU.ActiveCfg = Release|Any CPU
		{22A98217-9487-478B-8C6C-EB5D03F5C43C}.Release|Any CPU.Build.0 = Release|Any CPU
		{CEF60532-F6FF-48EB-8BAB-75346EAD1020}.Debug|Any CPU.ActiveCfg = Debug|Any CPU
		{CEF60532-F6FF-48EB-8BAB-75346EAD1020}.Debug|Any CPU.Build.0 = Debug|Any CPU
		{CEF60532-F6FF-48EB-8BAB-75346EAD1020}.Release|Any CPU.ActiveCfg = Release|Any CPU
		{CEF60532-F6FF-48EB-8BAB-75346EAD1020}.Release|Any CPU.Build.0 = Release|Any CPU
	EndGlobalSection
	GlobalSection(SolutionProperties) = preSolution
		HideSolutionNode = FALSE
	EndGlobalSection
	GlobalSection(ExtensibilityGlobals) = postSolution
		SolutionGuid = {2BBD87CA-3B64-4FA3-850C-6592A74016EC}
	EndGlobalSection
EndGlobal
