
Microsoft Visual Studio Solution File, Format Version 12.00
# Visual Studio 15
VisualStudioVersion = 15.0.26730.15
MinimumVisualStudioVersion = 10.0.40219.1
Project("{FAE04EC0-301F-11D3-BF4B-00C04F79EFBC}") = "CenturiesToMinutes", "CenturiesToMinutes\CenturiesToMinutes.csproj", "{4FDE34B5-F5B5-42DD-B6E7-6F05C4F744D6}"
EndProject
Project("{FAE04EC0-301F-11D3-BF4B-00C04F79EFBC}") = "CirtleArea", "CirtleArea\CirtleArea.csproj", "{D2134F29-FD99-4302-8667-F0E2EBDDE534}"
EndProject
Project("{FAE04EC0-301F-11D3-BF4B-00C04F79EFBC}") = "ExactSumofRealNumbers", "ExactSumofRealNumbers\ExactSumofRealNumbers.csproj", "{B82A7AA7-2356-4C5A-8730-F37026242180}"
EndProject
Project("{FAE04EC0-301F-11D3-BF4B-00C04F79EFBC}") = "Elevator", "Elevator\Elevator.csproj", "{8E0A59B3-1995-4A39-9C8C-20D203B63E18}"
EndProject
Project("{FAE04EC0-301F-11D3-BF4B-00C04F79EFBC}") = "SpecialNumbers", "SpecialNumbers\SpecialNumbers.csproj", "{890256AD-58E4-4DAF-BDFA-5D0657C71876}"
EndProject
Project("{FAE04EC0-301F-11D3-BF4B-00C04F79EFBC}") = "TriplesOfLetters", "TriplesOfLetters\TriplesOfLetters.csproj", "{120DD47E-55FE-4C51-BF97-8A8681673E85}"
EndProject
Project("{FAE04EC0-301F-11D3-BF4B-00C04F79EFBC}") = "Greeting", "Greeting\Greeting.csproj", "{4D2387DE-0D69-4E65-B697-1C2AC400FCAB}"
EndProject
Project("{FAE04EC0-301F-11D3-BF4B-00C04F79EFBC}") = "VolumeOfPyramid", "VolumeOfPyramid\VolumeOfPyramid.csproj", "{3B3F0659-F8A4-45F8-B835-8C5A72ECE3A8}"
EndProject
Project("{FAE04EC0-301F-11D3-BF4B-00C04F79EFBC}") = "RefactorSpecialNumbers", "RefactorSpecialNumbers\RefactorSpecialNumbers.csproj", "{6F94EAD7-BDAA-4A24-AB07-83EB4D28FA48}"
EndProject
Project("{FAE04EC0-301F-11D3-BF4B-00C04F79EFBC}") = "PracticeIntegerNumbers", "PracticeIntegerNumbers\PracticeIntegerNumbers.csproj", "{75DAC944-5A96-4C88-B482-B99C1E7BF406}"
EndProject
Project("{FAE04EC0-301F-11D3-BF4B-00C04F79EFBC}") = "PracticeFloatingPointNumbers", "PracticeFloatingPointNumbers\PracticeFloatingPointNumbers.csproj", "{59E9AE45-7789-4FBC-A28D-75647B1FF6DD}"
EndProject
Project("{FAE04EC0-301F-11D3-BF4B-00C04F79EFBC}") = "PracticeCharactersAndStrings", "PracticeCharactersAndStrings\PracticeCharactersAndStrings.csproj", "{45D5CDA0-003C-41E1-9864-2ED5FBC7FCBA}"
EndProject
Project("{FAE04EC0-301F-11D3-BF4B-00C04F79EFBC}") = "BooleanVariable", "BooleanVariable\BooleanVariable.csproj", "{CE69CB96-5BE9-4E26-8318-CDD47749EB69}"
EndProject
Project("{FAE04EC0-301F-11D3-BF4B-00C04F79EFBC}") = "StringsAndObjects", "StringsAndObjects\StringsAndObjects.csproj", "{D0E47516-0248-4962-B581-90893D27B1C4}"
EndProject
Project("{FAE04EC0-301F-11D3-BF4B-00C04F79EFBC}") = "ExchangeVariableValues", "ExchangeVariableValues\ExchangeVariableValues.csproj", "{FBA507FF-0461-410E-9736-827C695E8D7A}"
EndProject
Project("{FAE04EC0-301F-11D3-BF4B-00C04F79EFBC}") = "EmployeeData", "EmployeeData\EmployeeData.csproj", "{6671B616-DB79-4E9F-8844-CCC7FAE3CCB8}"
EndProject
Project("{FAE04EC0-301F-11D3-BF4B-00C04F79EFBC}") = "ReverseCharacters", "ReverseCharacters\ReverseCharacters.csproj", "{1C2E3AA2-8F06-4834-BA1E-3AFF9DF094C2}"
EndProject
Project("{FAE04EC0-301F-11D3-BF4B-00C04F79EFBC}") = "CenturiesToNanoSeconds", "CenturiesToNanoSeconds\CenturiesToNanoSeconds.csproj", "{74384311-53E2-447D-AE30-1D7DD2ECC7AF}"
EndProject
Project("{FAE04EC0-301F-11D3-BF4B-00C04F79EFBC}") = "ConvertSpeedUnits", "ConvertSpeedUnits\ConvertSpeedUnits.csproj", "{5D3706D2-EC49-41BF-90AD-2230445B0AC0}"
EndProject
Project("{FAE04EC0-301F-11D3-BF4B-00C04F79EFBC}") = "RectangleProperties", "RectangleProperties\RectangleProperties.csproj", "{0C1A6BEA-12D5-4650-BAC7-E6EE4F732EDA}"
EndProject
Project("{FAE04EC0-301F-11D3-BF4B-00C04F79EFBC}") = "VowelOrDigit", "VowelOrDigit\VowelOrDigit.csproj", "{DC7D70EF-9128-4D33-8B47-C195DA760893}"
EndProject
Project("{FAE04EC0-301F-11D3-BF4B-00C04F79EFBC}") = "IntegerToHexAndBinary", "IntegerToHexAndBinary\IntegerToHexAndBinary.csproj", "{1922907E-586F-4AE3-BE45-64E55A9EE514}"
EndProject
Project("{FAE04EC0-301F-11D3-BF4B-00C04F79EFBC}") = "FastPrimeChecker", "FastPrimeChecker\FastPrimeChecker.csproj", "{F9A880F4-77A0-489A-8392-748A7EAB8D32}"
EndProject
Project("{FAE04EC0-301F-11D3-BF4B-00C04F79EFBC}") = "ASCII", "ASCII\ASCII.csproj", "{3A8CD121-3969-439D-8135-6F40E8FA7B9F}"
EndProject
Global
	GlobalSection(SolutionConfigurationPlatforms) = preSolution
		Debug|Any CPU = Debug|Any CPU
		Release|Any CPU = Release|Any CPU
	EndGlobalSection
	GlobalSection(ProjectConfigurationPlatforms) = postSolution
		{4FDE34B5-F5B5-42DD-B6E7-6F05C4F744D6}.Debug|Any CPU.ActiveCfg = Debug|Any CPU
		{4FDE34B5-F5B5-42DD-B6E7-6F05C4F744D6}.Debug|Any CPU.Build.0 = Debug|Any CPU
		{4FDE34B5-F5B5-42DD-B6E7-6F05C4F744D6}.Release|Any CPU.ActiveCfg = Release|Any CPU
		{4FDE34B5-F5B5-42DD-B6E7-6F05C4F744D6}.Release|Any CPU.Build.0 = Release|Any CPU
		{D2134F29-FD99-4302-8667-F0E2EBDDE534}.Debug|Any CPU.ActiveCfg = Debug|Any CPU
		{D2134F29-FD99-4302-8667-F0E2EBDDE534}.Debug|Any CPU.Build.0 = Debug|Any CPU
		{D2134F29-FD99-4302-8667-F0E2EBDDE534}.Release|Any CPU.ActiveCfg = Release|Any CPU
		{D2134F29-FD99-4302-8667-F0E2EBDDE534}.Release|Any CPU.Build.0 = Release|Any CPU
		{B82A7AA7-2356-4C5A-8730-F37026242180}.Debug|Any CPU.ActiveCfg = Debug|Any CPU
		{B82A7AA7-2356-4C5A-8730-F37026242180}.Debug|Any CPU.Build.0 = Debug|Any CPU
		{B82A7AA7-2356-4C5A-8730-F37026242180}.Release|Any CPU.ActiveCfg = Release|Any CPU
		{B82A7AA7-2356-4C5A-8730-F37026242180}.Release|Any CPU.Build.0 = Release|Any CPU
		{8E0A59B3-1995-4A39-9C8C-20D203B63E18}.Debug|Any CPU.ActiveCfg = Debug|Any CPU
		{8E0A59B3-1995-4A39-9C8C-20D203B63E18}.Debug|Any CPU.Build.0 = Debug|Any CPU
		{8E0A59B3-1995-4A39-9C8C-20D203B63E18}.Release|Any CPU.ActiveCfg = Release|Any CPU
		{8E0A59B3-1995-4A39-9C8C-20D203B63E18}.Release|Any CPU.Build.0 = Release|Any CPU
		{890256AD-58E4-4DAF-BDFA-5D0657C71876}.Debug|Any CPU.ActiveCfg = Debug|Any CPU
		{890256AD-58E4-4DAF-BDFA-5D0657C71876}.Debug|Any CPU.Build.0 = Debug|Any CPU
		{890256AD-58E4-4DAF-BDFA-5D0657C71876}.Release|Any CPU.ActiveCfg = Release|Any CPU
		{890256AD-58E4-4DAF-BDFA-5D0657C71876}.Release|Any CPU.Build.0 = Release|Any CPU
		{120DD47E-55FE-4C51-BF97-8A8681673E85}.Debug|Any CPU.ActiveCfg = Debug|Any CPU
		{120DD47E-55FE-4C51-BF97-8A8681673E85}.Debug|Any CPU.Build.0 = Debug|Any CPU
		{120DD47E-55FE-4C51-BF97-8A8681673E85}.Release|Any CPU.ActiveCfg = Release|Any CPU
		{120DD47E-55FE-4C51-BF97-8A8681673E85}.Release|Any CPU.Build.0 = Release|Any CPU
		{4D2387DE-0D69-4E65-B697-1C2AC400FCAB}.Debug|Any CPU.ActiveCfg = Debug|Any CPU
		{4D2387DE-0D69-4E65-B697-1C2AC400FCAB}.Debug|Any CPU.Build.0 = Debug|Any CPU
		{4D2387DE-0D69-4E65-B697-1C2AC400FCAB}.Release|Any CPU.ActiveCfg = Release|Any CPU
		{4D2387DE-0D69-4E65-B697-1C2AC400FCAB}.Release|Any CPU.Build.0 = Release|Any CPU
		{3B3F0659-F8A4-45F8-B835-8C5A72ECE3A8}.Debug|Any CPU.ActiveCfg = Debug|Any CPU
		{3B3F0659-F8A4-45F8-B835-8C5A72ECE3A8}.Debug|Any CPU.Build.0 = Debug|Any CPU
		{3B3F0659-F8A4-45F8-B835-8C5A72ECE3A8}.Release|Any CPU.ActiveCfg = Release|Any CPU
		{3B3F0659-F8A4-45F8-B835-8C5A72ECE3A8}.Release|Any CPU.Build.0 = Release|Any CPU
		{6F94EAD7-BDAA-4A24-AB07-83EB4D28FA48}.Debug|Any CPU.ActiveCfg = Debug|Any CPU
		{6F94EAD7-BDAA-4A24-AB07-83EB4D28FA48}.Debug|Any CPU.Build.0 = Debug|Any CPU
		{6F94EAD7-BDAA-4A24-AB07-83EB4D28FA48}.Release|Any CPU.ActiveCfg = Release|Any CPU
		{6F94EAD7-BDAA-4A24-AB07-83EB4D28FA48}.Release|Any CPU.Build.0 = Release|Any CPU
		{75DAC944-5A96-4C88-B482-B99C1E7BF406}.Debug|Any CPU.ActiveCfg = Debug|Any CPU
		{75DAC944-5A96-4C88-B482-B99C1E7BF406}.Debug|Any CPU.Build.0 = Debug|Any CPU
		{75DAC944-5A96-4C88-B482-B99C1E7BF406}.Release|Any CPU.ActiveCfg = Release|Any CPU
		{75DAC944-5A96-4C88-B482-B99C1E7BF406}.Release|Any CPU.Build.0 = Release|Any CPU
		{59E9AE45-7789-4FBC-A28D-75647B1FF6DD}.Debug|Any CPU.ActiveCfg = Debug|Any CPU
		{59E9AE45-7789-4FBC-A28D-75647B1FF6DD}.Debug|Any CPU.Build.0 = Debug|Any CPU
		{59E9AE45-7789-4FBC-A28D-75647B1FF6DD}.Release|Any CPU.ActiveCfg = Release|Any CPU
		{59E9AE45-7789-4FBC-A28D-75647B1FF6DD}.Release|Any CPU.Build.0 = Release|Any CPU
		{45D5CDA0-003C-41E1-9864-2ED5FBC7FCBA}.Debug|Any CPU.ActiveCfg = Debug|Any CPU
		{45D5CDA0-003C-41E1-9864-2ED5FBC7FCBA}.Debug|Any CPU.Build.0 = Debug|Any CPU
		{45D5CDA0-003C-41E1-9864-2ED5FBC7FCBA}.Release|Any CPU.ActiveCfg = Release|Any CPU
		{45D5CDA0-003C-41E1-9864-2ED5FBC7FCBA}.Release|Any CPU.Build.0 = Release|Any CPU
		{CE69CB96-5BE9-4E26-8318-CDD47749EB69}.Debug|Any CPU.ActiveCfg = Debug|Any CPU
		{CE69CB96-5BE9-4E26-8318-CDD47749EB69}.Debug|Any CPU.Build.0 = Debug|Any CPU
		{CE69CB96-5BE9-4E26-8318-CDD47749EB69}.Release|Any CPU.ActiveCfg = Release|Any CPU
		{CE69CB96-5BE9-4E26-8318-CDD47749EB69}.Release|Any CPU.Build.0 = Release|Any CPU
		{D0E47516-0248-4962-B581-90893D27B1C4}.Debug|Any CPU.ActiveCfg = Debug|Any CPU
		{D0E47516-0248-4962-B581-90893D27B1C4}.Debug|Any CPU.Build.0 = Debug|Any CPU
		{D0E47516-0248-4962-B581-90893D27B1C4}.Release|Any CPU.ActiveCfg = Release|Any CPU
		{D0E47516-0248-4962-B581-90893D27B1C4}.Release|Any CPU.Build.0 = Release|Any CPU
		{FBA507FF-0461-410E-9736-827C695E8D7A}.Debug|Any CPU.ActiveCfg = Debug|Any CPU
		{FBA507FF-0461-410E-9736-827C695E8D7A}.Debug|Any CPU.Build.0 = Debug|Any CPU
		{FBA507FF-0461-410E-9736-827C695E8D7A}.Release|Any CPU.ActiveCfg = Release|Any CPU
		{FBA507FF-0461-410E-9736-827C695E8D7A}.Release|Any CPU.Build.0 = Release|Any CPU
		{6671B616-DB79-4E9F-8844-CCC7FAE3CCB8}.Debug|Any CPU.ActiveCfg = Debug|Any CPU
		{6671B616-DB79-4E9F-8844-CCC7FAE3CCB8}.Debug|Any CPU.Build.0 = Debug|Any CPU
		{6671B616-DB79-4E9F-8844-CCC7FAE3CCB8}.Release|Any CPU.ActiveCfg = Release|Any CPU
		{6671B616-DB79-4E9F-8844-CCC7FAE3CCB8}.Release|Any CPU.Build.0 = Release|Any CPU
		{1C2E3AA2-8F06-4834-BA1E-3AFF9DF094C2}.Debug|Any CPU.ActiveCfg = Debug|Any CPU
		{1C2E3AA2-8F06-4834-BA1E-3AFF9DF094C2}.Debug|Any CPU.Build.0 = Debug|Any CPU
		{1C2E3AA2-8F06-4834-BA1E-3AFF9DF094C2}.Release|Any CPU.ActiveCfg = Release|Any CPU
		{1C2E3AA2-8F06-4834-BA1E-3AFF9DF094C2}.Release|Any CPU.Build.0 = Release|Any CPU
		{74384311-53E2-447D-AE30-1D7DD2ECC7AF}.Debug|Any CPU.ActiveCfg = Debug|Any CPU
		{74384311-53E2-447D-AE30-1D7DD2ECC7AF}.Debug|Any CPU.Build.0 = Debug|Any CPU
		{74384311-53E2-447D-AE30-1D7DD2ECC7AF}.Release|Any CPU.ActiveCfg = Release|Any CPU
		{74384311-53E2-447D-AE30-1D7DD2ECC7AF}.Release|Any CPU.Build.0 = Release|Any CPU
		{5D3706D2-EC49-41BF-90AD-2230445B0AC0}.Debug|Any CPU.ActiveCfg = Debug|Any CPU
		{5D3706D2-EC49-41BF-90AD-2230445B0AC0}.Debug|Any CPU.Build.0 = Debug|Any CPU
		{5D3706D2-EC49-41BF-90AD-2230445B0AC0}.Release|Any CPU.ActiveCfg = Release|Any CPU
		{5D3706D2-EC49-41BF-90AD-2230445B0AC0}.Release|Any CPU.Build.0 = Release|Any CPU
		{0C1A6BEA-12D5-4650-BAC7-E6EE4F732EDA}.Debug|Any CPU.ActiveCfg = Debug|Any CPU
		{0C1A6BEA-12D5-4650-BAC7-E6EE4F732EDA}.Debug|Any CPU.Build.0 = Debug|Any CPU
		{0C1A6BEA-12D5-4650-BAC7-E6EE4F732EDA}.Release|Any CPU.ActiveCfg = Release|Any CPU
		{0C1A6BEA-12D5-4650-BAC7-E6EE4F732EDA}.Release|Any CPU.Build.0 = Release|Any CPU
		{DC7D70EF-9128-4D33-8B47-C195DA760893}.Debug|Any CPU.ActiveCfg = Debug|Any CPU
		{DC7D70EF-9128-4D33-8B47-C195DA760893}.Debug|Any CPU.Build.0 = Debug|Any CPU
		{DC7D70EF-9128-4D33-8B47-C195DA760893}.Release|Any CPU.ActiveCfg = Release|Any CPU
		{DC7D70EF-9128-4D33-8B47-C195DA760893}.Release|Any CPU.Build.0 = Release|Any CPU
		{1922907E-586F-4AE3-BE45-64E55A9EE514}.Debug|Any CPU.ActiveCfg = Debug|Any CPU
		{1922907E-586F-4AE3-BE45-64E55A9EE514}.Debug|Any CPU.Build.0 = Debug|Any CPU
		{1922907E-586F-4AE3-BE45-64E55A9EE514}.Release|Any CPU.ActiveCfg = Release|Any CPU
		{1922907E-586F-4AE3-BE45-64E55A9EE514}.Release|Any CPU.Build.0 = Release|Any CPU
		{F9A880F4-77A0-489A-8392-748A7EAB8D32}.Debug|Any CPU.ActiveCfg = Debug|Any CPU
		{F9A880F4-77A0-489A-8392-748A7EAB8D32}.Debug|Any CPU.Build.0 = Debug|Any CPU
		{F9A880F4-77A0-489A-8392-748A7EAB8D32}.Release|Any CPU.ActiveCfg = Release|Any CPU
		{F9A880F4-77A0-489A-8392-748A7EAB8D32}.Release|Any CPU.Build.0 = Release|Any CPU
		{3A8CD121-3969-439D-8135-6F40E8FA7B9F}.Debug|Any CPU.ActiveCfg = Debug|Any CPU
		{3A8CD121-3969-439D-8135-6F40E8FA7B9F}.Debug|Any CPU.Build.0 = Debug|Any CPU
		{3A8CD121-3969-439D-8135-6F40E8FA7B9F}.Release|Any CPU.ActiveCfg = Release|Any CPU
		{3A8CD121-3969-439D-8135-6F40E8FA7B9F}.Release|Any CPU.Build.0 = Release|Any CPU
	EndGlobalSection
	GlobalSection(SolutionProperties) = preSolution
		HideSolutionNode = FALSE
	EndGlobalSection
	GlobalSection(ExtensibilityGlobals) = postSolution
		SolutionGuid = {7B5E1DB8-E9D9-41F0-A202-FC569E09115B}
	EndGlobalSection
EndGlobal
